Microsoft Visual Studio Solution File, Format Version 9.00
# Visual C# Express 2005
Project("{FAE04EC0-301F-11D3-BF4B-00C04F79EFBC}") = "Apache.Avalon.Castle.MicroKernel", "Apache.Avalon.Castle.MicroKernel.csproj", "{1E57B734-BA4B-4ADE-B4C2-78C7D4993AD4}"
EndProject
Project("{FAE04EC0-301F-11D3-BF4B-00C04F79EFBC}") = "Apache.Avalon.Castle.MicroKernel.Test", "MicroKernelTest\Apache.Avalon.Castle.MicroKernel.Test.csproj", "{50442F0D-987F-4A8D-B38C-DFA855B9249E}"
EndProject
Global
	GlobalSection(SolutionConfigurationPlatforms) = preSolution
		Debug|Any CPU = Debug|Any CPU
		Release|Any CPU = Release|Any CPU
	EndGlobalSection
	GlobalSection(ProjectConfigurationPlatforms) = postSolution
		{1E57B734-BA4B-4ADE-B4C2-78C7D4993AD4}.Debug|Any CPU.ActiveCfg = Debug|Any CPU
		{1E57B734-BA4B-4ADE-B4C2-78C7D4993AD4}.Debug|Any CPU.Build.0 = Debug|Any CPU
		{1E57B734-BA4B-4ADE-B4C2-78C7D4993AD4}.Release|Any CPU.ActiveCfg = Release|Any CPU
		{1E57B734-BA4B-4ADE-B4C2-78C7D4993AD4}.Release|Any CPU.Build.0 = Release|Any CPU
		{50442F0D-987F-4A8D-B38C-DFA855B9249E}.Debug|Any CPU.ActiveCfg = Debug|Any CPU
		{50442F0D-987F-4A8D-B38C-DFA855B9249E}.Debug|Any CPU.Build.0 = Debug|Any CPU
		{50442F0D-987F-4A8D-B38C-DFA855B9249E}.Release|Any CPU.ActiveCfg = Release|Any CPU
		{50442F0D-987F-4A8D-B38C-DFA855B9249E}.Release|Any CPU.Build.0 = Release|Any CPU
	EndGlobalSection
	GlobalSection(SolutionProperties) = preSolution
		HideSolutionNode = FALSE
	EndGlobalSection
EndGlobal
